
Microsoft Visual Studio Solution File, Format Version 12.00
# Visual Studio Version 17
VisualStudioVersion = 17.10.35004.147
MinimumVisualStudioVersion = 10.0.40219.1
Project("{FAE04EC0-301F-11D3-BF4B-00C04F79EFBC}") = "TreeWebApi", ".\TreeWebApi\TreeWebApi.csproj", "{D8241F06-B1CF-4748-8612-39890EF2A182}"
EndProject
Project("{FAE04EC0-301F-11D3-BF4B-00C04F79EFBC}") = "DataLayer", ".\DataLayer\DataLayer.csproj", "{A5B5F5BA-F6C8-484E-B391-AD06E2F238D6}"
EndProject
Project("{FAE04EC0-301F-11D3-BF4B-00C04F79EFBC}") = "BusinessLayer", ".\BusinessLayer\BusinessLayer.csproj", "{74249A2B-4105-4C84-AC46-D65DD3EE2A66}"
EndProject
Global
	GlobalSection(SolutionConfigurationPlatforms) = preSolution
		Debug|Any CPU = Debug|Any CPU
		Release|Any CPU = Release|Any CPU
	EndGlobalSection
	GlobalSection(ProjectConfigurationPlatforms) = postSolution
		{D8241F06-B1CF-4748-8612-39890EF2A182}.Debug|Any CPU.ActiveCfg = Debug|Any CPU
		{D8241F06-B1CF-4748-8612-39890EF2A182}.Debug|Any CPU.Build.0 = Debug|Any CPU
		{D8241F06-B1CF-4748-8612-39890EF2A182}.Release|Any CPU.ActiveCfg = Release|Any CPU
		{D8241F06-B1CF-4748-8612-39890EF2A182}.Release|Any CPU.Build.0 = Release|Any CPU
		{A5B5F5BA-F6C8-484E-B391-AD06E2F238D6}.Debug|Any CPU.ActiveCfg = Debug|Any CPU
		{A5B5F5BA-F6C8-484E-B391-AD06E2F238D6}.Debug|Any CPU.Build.0 = Debug|Any CPU
		{A5B5F5BA-F6C8-484E-B391-AD06E2F238D6}.Release|Any CPU.ActiveCfg = Release|Any CPU
		{A5B5F5BA-F6C8-484E-B391-AD06E2F238D6}.Release|Any CPU.Build.0 = Release|Any CPU
		{74249A2B-4105-4C84-AC46-D65DD3EE2A66}.Debug|Any CPU.ActiveCfg = Debug|Any CPU
		{74249A2B-4105-4C84-AC46-D65DD3EE2A66}.Debug|Any CPU.Build.0 = Debug|Any CPU
		{74249A2B-4105-4C84-AC46-D65DD3EE2A66}.Release|Any CPU.ActiveCfg = Release|Any CPU
		{74249A2B-4105-4C84-AC46-D65DD3EE2A66}.Release|Any CPU.Build.0 = Release|Any CPU
	EndGlobalSection
	GlobalSection(SolutionProperties) = preSolution
		HideSolutionNode = FALSE
	EndGlobalSection
	GlobalSection(ExtensibilityGlobals) = postSolution
		SolutionGuid = {E2C261D7-94FD-42B8-9484-9FBF35546E4C}
	EndGlobalSection
EndGlobal
